
Microsoft Visual Studio Solution File, Format Version 12.00
# Visual Studio Version 17
VisualStudioVersion = 17.0.31903.59
MinimumVisualStudioVersion = 10.0.40219.1
Project("{2150E333-8FDC-42A3-9474-1A3956D46DE8}") = "src", "src", "{827E0CD3-B72D-47B6-A68D-7590B98EB39B}"
EndProject
Project("{FAE04EC0-301F-11D3-BF4B-00C04F79EFBC}") = "SmartPOS.Application", "src\SmartPOS.Application\SmartPOS.Application.csproj", "{CE388547-DCCA-4B30-83BB-FCE163FD8B53}"
EndProject
Project("{FAE04EC0-301F-11D3-BF4B-00C04F79EFBC}") = "SmartPOS.Blazor", "src\SmartPOS.Blazor\SmartPOS.Blazor.csproj", "{925ACCB7-F652-4036-99D7-47324BFED1B8}"
EndProject
Project("{FAE04EC0-301F-11D3-BF4B-00C04F79EFBC}") = "SmartPOS.Domain", "src\SmartPOS.Domain\SmartPOS.Domain.csproj", "{A5BDF578-16C8-41B7-81F9-1CBC20147EA8}"
EndProject
Project("{FAE04EC0-301F-11D3-BF4B-00C04F79EFBC}") = "SmartPOS.Infrastructure", "src\SmartPOS.Infrastructure\SmartPOS.Infrastructure.csproj", "{CD9E0977-AE13-4E18-ABD7-91DA3E186B2D}"
EndProject
Project("{FAE04EC0-301F-11D3-BF4B-00C04F79EFBC}") = "SmartPOS.MAUI", "src\SmartPOS.MAUI\SmartPOS.MAUI.csproj", "{71AA2C99-467F-4B27-A398-7151807EFE67}"
EndProject
Project("{FAE04EC0-301F-11D3-BF4B-00C04F79EFBC}") = "SmartPOS.WebAPI", "src\SmartPOS.WebAPI\SmartPOS.WebAPI.csproj", "{74E6FF51-48FE-4EC5-BE7A-52D1DAFBE46E}"
EndProject
Project("{2150E333-8FDC-42A3-9474-1A3956D46DE8}") = "tests", "tests", "{0AB3BF05-4346-4AA6-1389-037BE0695223}"
EndProject
Project("{FAE04EC0-301F-11D3-BF4B-00C04F79EFBC}") = "SmartPOS.IntegrationTests", "tests\SmartPOS.IntegrationTests\SmartPOS.IntegrationTests.csproj", "{EBA9172F-C4DF-4DC2-8F3A-F775DD504055}"
EndProject
Project("{FAE04EC0-301F-11D3-BF4B-00C04F79EFBC}") = "SmartPOS.UnitTests", "tests\SmartPOS.UnitTests\SmartPOS.UnitTests.csproj", "{26F6E43E-9456-4969-8A4E-8B9BCDF5788E}"
EndProject
Global
	GlobalSection(SolutionConfigurationPlatforms) = preSolution
		Debug|Any CPU = Debug|Any CPU
		Debug|x64 = Debug|x64
		Debug|x86 = Debug|x86
		Release|Any CPU = Release|Any CPU
		Release|x64 = Release|x64
		Release|x86 = Release|x86
	EndGlobalSection
	GlobalSection(ProjectConfigurationPlatforms) = postSolution
		{CE388547-DCCA-4B30-83BB-FCE163FD8B53}.Debug|Any CPU.ActiveCfg = Debug|Any CPU
		{CE388547-DCCA-4B30-83BB-FCE163FD8B53}.Debug|Any CPU.Build.0 = Debug|Any CPU
		{CE388547-DCCA-4B30-83BB-FCE163FD8B53}.Debug|x64.ActiveCfg = Debug|Any CPU
		{CE388547-DCCA-4B30-83BB-FCE163FD8B53}.Debug|x64.Build.0 = Debug|Any CPU
		{CE388547-DCCA-4B30-83BB-FCE163FD8B53}.Debug|x86.ActiveCfg = Debug|Any CPU
		{CE388547-DCCA-4B30-83BB-FCE163FD8B53}.Debug|x86.Build.0 = Debug|Any CPU
		{CE388547-DCCA-4B30-83BB-FCE163FD8B53}.Release|Any CPU.ActiveCfg = Release|Any CPU
		{CE388547-DCCA-4B30-83BB-FCE163FD8B53}.Release|Any CPU.Build.0 = Release|Any CPU
		{CE388547-DCCA-4B30-83BB-FCE163FD8B53}.Release|x64.ActiveCfg = Release|Any CPU
		{CE388547-DCCA-4B30-83BB-FCE163FD8B53}.Release|x64.Build.0 = Release|Any CPU
		{CE388547-DCCA-4B30-83BB-FCE163FD8B53}.Release|x86.ActiveCfg = Release|Any CPU
		{CE388547-DCCA-4B30-83BB-FCE163FD8B53}.Release|x86.Build.0 = Release|Any CPU
		{925ACCB7-F652-4036-99D7-47324BFED1B8}.Debug|Any CPU.ActiveCfg = Debug|Any CPU
		{925ACCB7-F652-4036-99D7-47324BFED1B8}.Debug|Any CPU.Build.0 = Debug|Any CPU
		{925ACCB7-F652-4036-99D7-47324BFED1B8}.Debug|x64.ActiveCfg = Debug|Any CPU
		{925ACCB7-F652-4036-99D7-47324BFED1B8}.Debug|x64.Build.0 = Debug|Any CPU
		{925ACCB7-F652-4036-99D7-47324BFED1B8}.Debug|x86.ActiveCfg = Debug|Any CPU
		{925ACCB7-F652-4036-99D7-47324BFED1B8}.Debug|x86.Build.0 = Debug|Any CPU
		{925ACCB7-F652-4036-99D7-47324BFED1B8}.Release|Any CPU.ActiveCfg = Release|Any CPU
		{925ACCB7-F652-4036-99D7-47324BFED1B8}.Release|Any CPU.Build.0 = Release|Any CPU
		{925ACCB7-F652-4036-99D7-47324BFED1B8}.Release|x64.ActiveCfg = Release|Any CPU
		{925ACCB7-F652-4036-99D7-47324BFED1B8}.Release|x64.Build.0 = Release|Any CPU
		{925ACCB7-F652-4036-99D7-47324BFED1B8}.Release|x86.ActiveCfg = Release|Any CPU
		{925ACCB7-F652-4036-99D7-47324BFED1B8}.Release|x86.Build.0 = Release|Any CPU
		{A5BDF578-16C8-41B7-81F9-1CBC20147EA8}.Debug|Any CPU.ActiveCfg = Debug|Any CPU
		{A5BDF578-16C8-41B7-81F9-1CBC20147EA8}.Debug|Any CPU.Build.0 = Debug|Any CPU
		{A5BDF578-16C8-41B7-81F9-1CBC20147EA8}.Debug|x64.ActiveCfg = Debug|Any CPU
		{A5BDF578-16C8-41B7-81F9-1CBC20147EA8}.Debug|x64.Build.0 = Debug|Any CPU
		{A5BDF578-16C8-41B7-81F9-1CBC20147EA8}.Debug|x86.ActiveCfg = Debug|Any CPU
		{A5BDF578-16C8-41B7-81F9-1CBC20147EA8}.Debug|x86.Build.0 = Debug|Any CPU
		{A5BDF578-16C8-41B7-81F9-1CBC20147EA8}.Release|Any CPU.ActiveCfg = Release|Any CPU
		{A5BDF578-16C8-41B7-81F9-1CBC20147EA8}.Release|Any CPU.Build.0 = Release|Any CPU
		{A5BDF578-16C8-41B7-81F9-1CBC20147EA8}.Release|x64.ActiveCfg = Release|Any CPU
		{A5BDF578-16C8-41B7-81F9-1CBC20147EA8}.Release|x64.Build.0 = Release|Any CPU
		{A5BDF578-16C8-41B7-81F9-1CBC20147EA8}.Release|x86.ActiveCfg = Release|Any CPU
		{A5BDF578-16C8-41B7-81F9-1CBC20147EA8}.Release|x86.Build.0 = Release|Any CPU
		{CD9E0977-AE13-4E18-ABD7-91DA3E186B2D}.Debug|Any CPU.ActiveCfg = Debug|Any CPU
		{CD9E0977-AE13-4E18-ABD7-91DA3E186B2D}.Debug|Any CPU.Build.0 = Debug|Any CPU
		{CD9E0977-AE13-4E18-ABD7-91DA3E186B2D}.Debug|x64.ActiveCfg = Debug|Any CPU
		{CD9E0977-AE13-4E18-ABD7-91DA3E186B2D}.Debug|x64.Build.0 = Debug|Any CPU
		{CD9E0977-AE13-4E18-ABD7-91DA3E186B2D}.Debug|x86.ActiveCfg = Debug|Any CPU
		{CD9E0977-AE13-4E18-ABD7-91DA3E186B2D}.Debug|x86.Build.0 = Debug|Any CPU
		{CD9E0977-AE13-4E18-ABD7-91DA3E186B2D}.Release|Any CPU.ActiveCfg = Release|Any CPU
		{CD9E0977-AE13-4E18-ABD7-91DA3E186B2D}.Release|Any CPU.Build.0 = Release|Any CPU
		{CD9E0977-AE13-4E18-ABD7-91DA3E186B2D}.Release|x64.ActiveCfg = Release|Any CPU
		{CD9E0977-AE13-4E18-ABD7-91DA3E186B2D}.Release|x64.Build.0 = Release|Any CPU
		{CD9E0977-AE13-4E18-ABD7-91DA3E186B2D}.Release|x86.ActiveCfg = Release|Any CPU
		{CD9E0977-AE13-4E18-ABD7-91DA3E186B2D}.Release|x86.Build.0 = Release|Any CPU
		{71AA2C99-467F-4B27-A398-7151807EFE67}.Debug|Any CPU.ActiveCfg = Debug|Any CPU
		{71AA2C99-467F-4B27-A398-7151807EFE67}.Debug|Any CPU.Build.0 = Debug|Any CPU
		{71AA2C99-467F-4B27-A398-7151807EFE67}.Debug|x64.ActiveCfg = Debug|Any CPU
		{71AA2C99-467F-4B27-A398-7151807EFE67}.Debug|x64.Build.0 = Debug|Any CPU
		{71AA2C99-467F-4B27-A398-7151807EFE67}.Debug|x86.ActiveCfg = Debug|Any CPU
		{71AA2C99-467F-4B27-A398-7151807EFE67}.Debug|x86.Build.0 = Debug|Any CPU
		{71AA2C99-467F-4B27-A398-7151807EFE67}.Release|Any CPU.ActiveCfg = Release|Any CPU
		{71AA2C99-467F-4B27-A398-7151807EFE67}.Release|Any CPU.Build.0 = Release|Any CPU
		{71AA2C99-467F-4B27-A398-7151807EFE67}.Release|x64.ActiveCfg = Release|Any CPU
		{71AA2C99-467F-4B27-A398-7151807EFE67}.Release|x64.Build.0 = Release|Any CPU
		{71AA2C99-467F-4B27-A398-7151807EFE67}.Release|x86.ActiveCfg = Release|Any CPU
		{71AA2C99-467F-4B27-A398-7151807EFE67}.Release|x86.Build.0 = Release|Any CPU
		{74E6FF51-48FE-4EC5-BE7A-52D1DAFBE46E}.Debug|Any CPU.ActiveCfg = Debug|Any CPU
		{74E6FF51-48FE-4EC5-BE7A-52D1DAFBE46E}.Debug|Any CPU.Build.0 = Debug|Any CPU
		{74E6FF51-48FE-4EC5-BE7A-52D1DAFBE46E}.Debug|x64.ActiveCfg = Debug|Any CPU
		{74E6FF51-48FE-4EC5-BE7A-52D1DAFBE46E}.Debug|x64.Build.0 = Debug|Any CPU
		{74E6FF51-48FE-4EC5-BE7A-52D1DAFBE46E}.Debug|x86.ActiveCfg = Debug|Any CPU
		{74E6FF51-48FE-4EC5-BE7A-52D1DAFBE46E}.Debug|x86.Build.0 = Debug|Any CPU
		{74E6FF51-48FE-4EC5-BE7A-52D1DAFBE46E}.Release|Any CPU.ActiveCfg = Release|Any CPU
		{74E6FF51-48FE-4EC5-BE7A-52D1DAFBE46E}.Release|Any CPU.Build.0 = Release|Any CPU
		{74E6FF51-48FE-4EC5-BE7A-52D1DAFBE46E}.Release|x64.ActiveCfg = Release|Any CPU
		{74E6FF51-48FE-4EC5-BE7A-52D1DAFBE46E}.Release|x64.Build.0 = Release|Any CPU
		{74E6FF51-48FE-4EC5-BE7A-52D1DAFBE46E}.Release|x86.ActiveCfg = Release|Any CPU
		{74E6FF51-48FE-4EC5-BE7A-52D1DAFBE46E}.Release|x86.Build.0 = Release|Any CPU
		{EBA9172F-C4DF-4DC2-8F3A-F775DD504055}.Debug|Any CPU.ActiveCfg = Debug|Any CPU
		{EBA9172F-C4DF-4DC2-8F3A-F775DD504055}.Debug|Any CPU.Build.0 = Debug|Any CPU
		{EBA9172F-C4DF-4DC2-8F3A-F775DD504055}.Debug|x64.ActiveCfg = Debug|Any CPU
		{EBA9172F-C4DF-4DC2-8F3A-F775DD504055}.Debug|x64.Build.0 = Debug|Any CPU
		{EBA9172F-C4DF-4DC2-8F3A-F775DD504055}.Debug|x86.ActiveCfg = Debug|Any CPU
		{EBA9172F-C4DF-4DC2-8F3A-F775DD504055}.Debug|x86.Build.0 = Debug|Any CPU
		{EBA9172F-C4DF-4DC2-8F3A-F775DD504055}.Release|Any CPU.ActiveCfg = Release|Any CPU
		{EBA9172F-C4DF-4DC2-8F3A-F775DD504055}.Release|Any CPU.Build.0 = Release|Any CPU
		{EBA9172F-C4DF-4DC2-8F3A-F775DD504055}.Release|x64.ActiveCfg = Release|Any CPU
		{EBA9172F-C4DF-4DC2-8F3A-F775DD504055}.Release|x64.Build.0 = Release|Any CPU
		{EBA9172F-C4DF-4DC2-8F3A-F775DD504055}.Release|x86.ActiveCfg = Release|Any CPU
		{EBA9172F-C4DF-4DC2-8F3A-F775DD504055}.Release|x86.Build.0 = Release|Any CPU
		{26F6E43E-9456-4969-8A4E-8B9BCDF5788E}.Debug|Any CPU.ActiveCfg = Debug|Any CPU
		{26F6E43E-9456-4969-8A4E-8B9BCDF5788E}.Debug|Any CPU.Build.0 = Debug|Any CPU
		{26F6E43E-9456-4969-8A4E-8B9BCDF5788E}.Debug|x64.ActiveCfg = Debug|Any CPU
		{26F6E43E-9456-4969-8A4E-8B9BCDF5788E}.Debug|x64.Build.0 = Debug|Any CPU
		{26F6E43E-9456-4969-8A4E-8B9BCDF5788E}.Debug|x86.ActiveCfg = Debug|Any CPU
		{26F6E43E-9456-4969-8A4E-8B9BCDF5788E}.Debug|x86.Build.0 = Debug|Any CPU
		{26F6E43E-9456-4969-8A4E-8B9BCDF5788E}.Release|Any CPU.ActiveCfg = Release|Any CPU
		{26F6E43E-9456-4969-8A4E-8B9BCDF5788E}.Release|Any CPU.Build.0 = Release|Any CPU
		{26F6E43E-9456-4969-8A4E-8B9BCDF5788E}.Release|x64.ActiveCfg = Release|Any CPU
		{26F6E43E-9456-4969-8A4E-8B9BCDF5788E}.Release|x64.Build.0 = Release|Any CPU
		{26F6E43E-9456-4969-8A4E-8B9BCDF5788E}.Release|x86.ActiveCfg = Release|Any CPU
		{26F6E43E-9456-4969-8A4E-8B9BCDF5788E}.Release|x86.Build.0 = Release|Any CPU
	EndGlobalSection
	GlobalSection(SolutionProperties) = preSolution
		HideSolutionNode = FALSE
	EndGlobalSection
	GlobalSection(NestedProjects) = preSolution
		{CE388547-DCCA-4B30-83BB-FCE163FD8B53} = {827E0CD3-B72D-47B6-A68D-7590B98EB39B}
		{925ACCB7-F652-4036-99D7-47324BFED1B8} = {827E0CD3-B72D-47B6-A68D-7590B98EB39B}
		{A5BDF578-16C8-41B7-81F9-1CBC20147EA8} = {827E0CD3-B72D-47B6-A68D-7590B98EB39B}
		{CD9E0977-AE13-4E18-ABD7-91DA3E186B2D} = {827E0CD3-B72D-47B6-A68D-7590B98EB39B}
		{71AA2C99-467F-4B27-A398-7151807EFE67} = {827E0CD3-B72D-47B6-A68D-7590B98EB39B}
		{74E6FF51-48FE-4EC5-BE7A-52D1DAFBE46E} = {827E0CD3-B72D-47B6-A68D-7590B98EB39B}
		{EBA9172F-C4DF-4DC2-8F3A-F775DD504055} = {0AB3BF05-4346-4AA6-1389-037BE0695223}
		{26F6E43E-9456-4969-8A4E-8B9BCDF5788E} = {0AB3BF05-4346-4AA6-1389-037BE0695223}
	EndGlobalSection
EndGlobal
